
Microsoft Visual Studio Solution File, Format Version 12.00
# Visual Studio 15
VisualStudioVersion = 15.0.27703.2035
MinimumVisualStudioVersion = 10.0.40219.1
Project("{FAE04EC0-301F-11D3-BF4B-00C04F79EFBC}") = "Abstract.Factory", "Abstract.Factory\Abstract.Factory.csproj", "{C777018E-4242-4339-9234-A1EE841FF71C}"
EndProject
Project("{FAE04EC0-301F-11D3-BF4B-00C04F79EFBC}") = "Builder", "Builder\Builder.csproj", "{305CE2ED-BBB1-407D-AE0F-8083F5CF987B}"
EndProject
Project("{FAE04EC0-301F-11D3-BF4B-00C04F79EFBC}") = "Factory.Method", "Factory.Method\Factory.Method.csproj", "{1CD45804-3C88-46AB-98EB-F847132E85B6}"
EndProject
Project("{FAE04EC0-301F-11D3-BF4B-00C04F79EFBC}") = "Prototype", "Prototype\Prototype.csproj", "{2B324F66-132C-4DB2-AAFE-276A5701CAF8}"
EndProject
Project("{FAE04EC0-301F-11D3-BF4B-00C04F79EFBC}") = "Bridge", "Bridge\Bridge.csproj", "{756D1DF9-3B59-4C38-9AC7-EA59244B8DAA}"
EndProject
Project("{FAE04EC0-301F-11D3-BF4B-00C04F79EFBC}") = "Composite", "Composite\Composite.csproj", "{954107AA-7F7B-4E4A-B63E-040D753AB2B4}"
EndProject
Project("{FAE04EC0-301F-11D3-BF4B-00C04F79EFBC}") = "Decorator", "Decorator\Decorator.csproj", "{E3D13D22-C448-40F7-A152-C2F947BC6B0D}"
EndProject
Project("{FAE04EC0-301F-11D3-BF4B-00C04F79EFBC}") = "Flyweight", "Flyweight\Flyweight.csproj", "{0BE0EFD7-67C5-4255-901A-A2C819D93D23}"
EndProject
Project("{FAE04EC0-301F-11D3-BF4B-00C04F79EFBC}") = "Chain.Of.Responsibility", "Chain.Of.Responsibility\Chain.Of.Responsibility.csproj", "{6D35E0BC-A38F-4343-84F6-857920F3832B}"
EndProject
Global
	GlobalSection(SolutionConfigurationPlatforms) = preSolution
		Debug|Any CPU = Debug|Any CPU
		Release|Any CPU = Release|Any CPU
	EndGlobalSection
	GlobalSection(ProjectConfigurationPlatforms) = postSolution
		{C777018E-4242-4339-9234-A1EE841FF71C}.Debug|Any CPU.ActiveCfg = Debug|Any CPU
		{C777018E-4242-4339-9234-A1EE841FF71C}.Debug|Any CPU.Build.0 = Debug|Any CPU
		{C777018E-4242-4339-9234-A1EE841FF71C}.Release|Any CPU.ActiveCfg = Release|Any CPU
		{C777018E-4242-4339-9234-A1EE841FF71C}.Release|Any CPU.Build.0 = Release|Any CPU
		{305CE2ED-BBB1-407D-AE0F-8083F5CF987B}.Debug|Any CPU.ActiveCfg = Debug|Any CPU
		{305CE2ED-BBB1-407D-AE0F-8083F5CF987B}.Debug|Any CPU.Build.0 = Debug|Any CPU
		{305CE2ED-BBB1-407D-AE0F-8083F5CF987B}.Release|Any CPU.ActiveCfg = Release|Any CPU
		{305CE2ED-BBB1-407D-AE0F-8083F5CF987B}.Release|Any CPU.Build.0 = Release|Any CPU
		{1CD45804-3C88-46AB-98EB-F847132E85B6}.Debug|Any CPU.ActiveCfg = Debug|Any CPU
		{1CD45804-3C88-46AB-98EB-F847132E85B6}.Debug|Any CPU.Build.0 = Debug|Any CPU
		{1CD45804-3C88-46AB-98EB-F847132E85B6}.Release|Any CPU.ActiveCfg = Release|Any CPU
		{1CD45804-3C88-46AB-98EB-F847132E85B6}.Release|Any CPU.Build.0 = Release|Any CPU
		{2B324F66-132C-4DB2-AAFE-276A5701CAF8}.Debug|Any CPU.ActiveCfg = Debug|Any CPU
		{2B324F66-132C-4DB2-AAFE-276A5701CAF8}.Debug|Any CPU.Build.0 = Debug|Any CPU
		{2B324F66-132C-4DB2-AAFE-276A5701CAF8}.Release|Any CPU.ActiveCfg = Release|Any CPU
		{2B324F66-132C-4DB2-AAFE-276A5701CAF8}.Release|Any CPU.Build.0 = Release|Any CPU
		{756D1DF9-3B59-4C38-9AC7-EA59244B8DAA}.Debug|Any CPU.ActiveCfg = Debug|Any CPU
		{756D1DF9-3B59-4C38-9AC7-EA59244B8DAA}.Debug|Any CPU.Build.0 = Debug|Any CPU
		{756D1DF9-3B59-4C38-9AC7-EA59244B8DAA}.Release|Any CPU.ActiveCfg = Release|Any CPU
		{756D1DF9-3B59-4C38-9AC7-EA59244B8DAA}.Release|Any CPU.Build.0 = Release|Any CPU
		{954107AA-7F7B-4E4A-B63E-040D753AB2B4}.Debug|Any CPU.ActiveCfg = Debug|Any CPU
		{954107AA-7F7B-4E4A-B63E-040D753AB2B4}.Debug|Any CPU.Build.0 = Debug|Any CPU
		{954107AA-7F7B-4E4A-B63E-040D753AB2B4}.Release|Any CPU.ActiveCfg = Release|Any CPU
		{954107AA-7F7B-4E4A-B63E-040D753AB2B4}.Release|Any CPU.Build.0 = Release|Any CPU
		{E3D13D22-C448-40F7-A152-C2F947BC6B0D}.Debug|Any CPU.ActiveCfg = Debug|Any CPU
		{E3D13D22-C448-40F7-A152-C2F947BC6B0D}.Debug|Any CPU.Build.0 = Debug|Any CPU
		{E3D13D22-C448-40F7-A152-C2F947BC6B0D}.Release|Any CPU.ActiveCfg = Release|Any CPU
		{E3D13D22-C448-40F7-A152-C2F947BC6B0D}.Release|Any CPU.Build.0 = Release|Any CPU
		{0BE0EFD7-67C5-4255-901A-A2C819D93D23}.Debug|Any CPU.ActiveCfg = Debug|Any CPU
		{0BE0EFD7-67C5-4255-901A-A2C819D93D23}.Debug|Any CPU.Build.0 = Debug|Any CPU
		{0BE0EFD7-67C5-4255-901A-A2C819D93D23}.Release|Any CPU.ActiveCfg = Release|Any CPU
		{0BE0EFD7-67C5-4255-901A-A2C819D93D23}.Release|Any CPU.Build.0 = Release|Any CPU
		{6D35E0BC-A38F-4343-84F6-857920F3832B}.Debug|Any CPU.ActiveCfg = Debug|Any CPU
		{6D35E0BC-A38F-4343-84F6-857920F3832B}.Debug|Any CPU.Build.0 = Debug|Any CPU
		{6D35E0BC-A38F-4343-84F6-857920F3832B}.Release|Any CPU.ActiveCfg = Release|Any CPU
		{6D35E0BC-A38F-4343-84F6-857920F3832B}.Release|Any CPU.Build.0 = Release|Any CPU
	EndGlobalSection
	GlobalSection(SolutionProperties) = preSolution
		HideSolutionNode = FALSE
	EndGlobalSection
	GlobalSection(ExtensibilityGlobals) = postSolution
		SolutionGuid = {B6712E9D-6FD6-483D-B3EF-152D5E7B77C7}
	EndGlobalSection
EndGlobal
